
Microsoft Visual Studio Solution File, Format Version 12.00
# Visual Studio Version 17
VisualStudioVersion = 17.13.35913.81 d17.13
MinimumVisualStudioVersion = 10.0.40219.1
Project("{8BC9CEB8-8B4A-11D0-8D11-00A0C91BC942}") = "PlainCppWinui", "PlainCppWinui\PlainCppWinui.vcxproj", "{ECD1794F-20CC-41B0-AC88-D8E1E08CCCC3}"
EndProject
Global
	GlobalSection(SolutionConfigurationPlatforms) = preSolution
		Debug|ARM64 = Debug|ARM64
		Debug|x64 = Debug|x64
		Debug|x86 = Debug|x86
		Release|ARM64 = Release|ARM64
		Release|x64 = Release|x64
		Release|x86 = Release|x86
	EndGlobalSection
	GlobalSection(ProjectConfigurationPlatforms) = postSolution
		{ECD1794F-20CC-41B0-AC88-D8E1E08CCCC3}.Debug|ARM64.ActiveCfg = Debug|ARM64
		{ECD1794F-20CC-41B0-AC88-D8E1E08CCCC3}.Debug|ARM64.Build.0 = Debug|ARM64
		{ECD1794F-20CC-41B0-AC88-D8E1E08CCCC3}.Debug|ARM64.Deploy.0 = Debug|ARM64
		{ECD1794F-20CC-41B0-AC88-D8E1E08CCCC3}.Debug|x64.ActiveCfg = Debug|x64
		{ECD1794F-20CC-41B0-AC88-D8E1E08CCCC3}.Debug|x64.Build.0 = Debug|x64
		{ECD1794F-20CC-41B0-AC88-D8E1E08CCCC3}.Debug|x64.Deploy.0 = Debug|x64
		{ECD1794F-20CC-41B0-AC88-D8E1E08CCCC3}.Debug|x86.ActiveCfg = Debug|Win32
		{ECD1794F-20CC-41B0-AC88-D8E1E08CCCC3}.Debug|x86.Build.0 = Debug|Win32
		{ECD1794F-20CC-41B0-AC88-D8E1E08CCCC3}.Debug|x86.Deploy.0 = Debug|Win32
		{ECD1794F-20CC-41B0-AC88-D8E1E08CCCC3}.Release|ARM64.ActiveCfg = Release|ARM64
		{ECD1794F-20CC-41B0-AC88-D8E1E08CCCC3}.Release|ARM64.Build.0 = Release|ARM64
		{ECD1794F-20CC-41B0-AC88-D8E1E08CCCC3}.Release|ARM64.Deploy.0 = Release|ARM64
		{ECD1794F-20CC-41B0-AC88-D8E1E08CCCC3}.Release|x64.ActiveCfg = Release|x64
		{ECD1794F-20CC-41B0-AC88-D8E1E08CCCC3}.Release|x64.Build.0 = Release|x64
		{ECD1794F-20CC-41B0-AC88-D8E1E08CCCC3}.Release|x64.Deploy.0 = Release|x64
		{ECD1794F-20CC-41B0-AC88-D8E1E08CCCC3}.Release|x86.ActiveCfg = Release|Win32
		{ECD1794F-20CC-41B0-AC88-D8E1E08CCCC3}.Release|x86.Build.0 = Release|Win32
		{ECD1794F-20CC-41B0-AC88-D8E1E08CCCC3}.Release|x86.Deploy.0 = Release|Win32
	EndGlobalSection
	GlobalSection(SolutionProperties) = preSolution
		HideSolutionNode = FALSE
	EndGlobalSection
	GlobalSection(ExtensibilityGlobals) = postSolution
		SolutionGuid = {797CFF05-437F-4E1B-8884-FFE6FAF1E268}
	EndGlobalSection
EndGlobal
