
Microsoft Visual Studio Solution File, Format Version 12.00
# Visual Studio Version 17
VisualStudioVersion = 17.10.35013.160
MinimumVisualStudioVersion = 10.0.40219.1
Project("{FAE04EC0-301F-11D3-BF4B-00C04F79EFBC}") = "HelloAppServices", "HelloAppServices\HelloAppServices.csproj", "{B62A71B9-6CFE-471E-A4F9-6989D535A629}"
EndProject
Project("{FAE04EC0-301F-11D3-BF4B-00C04F79EFBC}") = "HelloAppServices.Extension", "HelloAppServices.Extension\HelloAppServices.Extension.csproj", "{B0EF4EB7-0E7C-41FF-A718-981DF899D395}"
EndProject
Project("{C7167F0D-BC9F-4E6E-AFE1-012C56B48DB5}") = "HelloAppServices.Package", "HelloAppServices.Package\HelloAppServices.Package.wapproj", "{90C68E06-AAE6-489B-98BA-A7D99FFD1531}"
EndProject
Global
	GlobalSection(SolutionConfigurationPlatforms) = preSolution
		Debug|Any CPU = Debug|Any CPU
		Debug|ARM = Debug|ARM
		Debug|ARM64 = Debug|ARM64
		Debug|x64 = Debug|x64
		Debug|x86 = Debug|x86
		Release|Any CPU = Release|Any CPU
		Release|ARM = Release|ARM
		Release|ARM64 = Release|ARM64
		Release|x64 = Release|x64
		Release|x86 = Release|x86
	EndGlobalSection
	GlobalSection(ProjectConfigurationPlatforms) = postSolution
		{B62A71B9-6CFE-471E-A4F9-6989D535A629}.Debug|Any CPU.ActiveCfg = Debug|x64
		{B62A71B9-6CFE-471E-A4F9-6989D535A629}.Debug|Any CPU.Build.0 = Debug|x64
		{B62A71B9-6CFE-471E-A4F9-6989D535A629}.Debug|Any CPU.Deploy.0 = Debug|x64
		{B62A71B9-6CFE-471E-A4F9-6989D535A629}.Debug|ARM.ActiveCfg = Debug|ARM
		{B62A71B9-6CFE-471E-A4F9-6989D535A629}.Debug|ARM.Build.0 = Debug|ARM
		{B62A71B9-6CFE-471E-A4F9-6989D535A629}.Debug|ARM.Deploy.0 = Debug|ARM
		{B62A71B9-6CFE-471E-A4F9-6989D535A629}.Debug|ARM64.ActiveCfg = Debug|ARM64
		{B62A71B9-6CFE-471E-A4F9-6989D535A629}.Debug|ARM64.Build.0 = Debug|ARM64
		{B62A71B9-6CFE-471E-A4F9-6989D535A629}.Debug|ARM64.Deploy.0 = Debug|ARM64
		{B62A71B9-6CFE-471E-A4F9-6989D535A629}.Debug|x64.ActiveCfg = Debug|x64
		{B62A71B9-6CFE-471E-A4F9-6989D535A629}.Debug|x64.Build.0 = Debug|x64
		{B62A71B9-6CFE-471E-A4F9-6989D535A629}.Debug|x64.Deploy.0 = Debug|x64
		{B62A71B9-6CFE-471E-A4F9-6989D535A629}.Debug|x86.ActiveCfg = Debug|x64
		{B62A71B9-6CFE-471E-A4F9-6989D535A629}.Debug|x86.Build.0 = Debug|x64
		{B62A71B9-6CFE-471E-A4F9-6989D535A629}.Debug|x86.Deploy.0 = Debug|x64
		{B62A71B9-6CFE-471E-A4F9-6989D535A629}.Release|Any CPU.ActiveCfg = Release|x64
		{B62A71B9-6CFE-471E-A4F9-6989D535A629}.Release|Any CPU.Build.0 = Release|x64
		{B62A71B9-6CFE-471E-A4F9-6989D535A629}.Release|Any CPU.Deploy.0 = Release|x64
		{B62A71B9-6CFE-471E-A4F9-6989D535A629}.Release|ARM.ActiveCfg = Release|ARM
		{B62A71B9-6CFE-471E-A4F9-6989D535A629}.Release|ARM.Build.0 = Release|ARM
		{B62A71B9-6CFE-471E-A4F9-6989D535A629}.Release|ARM.Deploy.0 = Release|ARM
		{B62A71B9-6CFE-471E-A4F9-6989D535A629}.Release|ARM64.ActiveCfg = Release|ARM64
		{B62A71B9-6CFE-471E-A4F9-6989D535A629}.Release|ARM64.Build.0 = Release|ARM64
		{B62A71B9-6CFE-471E-A4F9-6989D535A629}.Release|ARM64.Deploy.0 = Release|ARM64
		{B62A71B9-6CFE-471E-A4F9-6989D535A629}.Release|x64.ActiveCfg = Release|x64
		{B62A71B9-6CFE-471E-A4F9-6989D535A629}.Release|x64.Build.0 = Release|x64
		{B62A71B9-6CFE-471E-A4F9-6989D535A629}.Release|x64.Deploy.0 = Release|x64
		{B62A71B9-6CFE-471E-A4F9-6989D535A629}.Release|x86.ActiveCfg = Release|x86
		{B62A71B9-6CFE-471E-A4F9-6989D535A629}.Release|x86.Build.0 = Release|x86
		{B62A71B9-6CFE-471E-A4F9-6989D535A629}.Release|x86.Deploy.0 = Release|x86
		{B0EF4EB7-0E7C-41FF-A718-981DF899D395}.Debug|Any CPU.ActiveCfg = Debug|Any CPU
		{B0EF4EB7-0E7C-41FF-A718-981DF899D395}.Debug|Any CPU.Build.0 = Debug|Any CPU
		{B0EF4EB7-0E7C-41FF-A718-981DF899D395}.Debug|ARM.ActiveCfg = Debug|Any CPU
		{B0EF4EB7-0E7C-41FF-A718-981DF899D395}.Debug|ARM.Build.0 = Debug|Any CPU
		{B0EF4EB7-0E7C-41FF-A718-981DF899D395}.Debug|ARM64.ActiveCfg = Debug|Any CPU
		{B0EF4EB7-0E7C-41FF-A718-981DF899D395}.Debug|ARM64.Build.0 = Debug|Any CPU
		{B0EF4EB7-0E7C-41FF-A718-981DF899D395}.Debug|x64.ActiveCfg = Debug|Any CPU
		{B0EF4EB7-0E7C-41FF-A718-981DF899D395}.Debug|x64.Build.0 = Debug|Any CPU
		{B0EF4EB7-0E7C-41FF-A718-981DF899D395}.Debug|x86.ActiveCfg = Debug|Any CPU
		{B0EF4EB7-0E7C-41FF-A718-981DF899D395}.Debug|x86.Build.0 = Debug|Any CPU
		{B0EF4EB7-0E7C-41FF-A718-981DF899D395}.Release|Any CPU.ActiveCfg = Release|Any CPU
		{B0EF4EB7-0E7C-41FF-A718-981DF899D395}.Release|Any CPU.Build.0 = Release|Any CPU
		{B0EF4EB7-0E7C-41FF-A718-981DF899D395}.Release|ARM.ActiveCfg = Release|Any CPU
		{B0EF4EB7-0E7C-41FF-A718-981DF899D395}.Release|ARM.Build.0 = Release|Any CPU
		{B0EF4EB7-0E7C-41FF-A718-981DF899D395}.Release|ARM64.ActiveCfg = Release|Any CPU
		{B0EF4EB7-0E7C-41FF-A718-981DF899D395}.Release|ARM64.Build.0 = Release|Any CPU
		{B0EF4EB7-0E7C-41FF-A718-981DF899D395}.Release|x64.ActiveCfg = Release|Any CPU
		{B0EF4EB7-0E7C-41FF-A718-981DF899D395}.Release|x64.Build.0 = Release|Any CPU
		{B0EF4EB7-0E7C-41FF-A718-981DF899D395}.Release|x86.ActiveCfg = Release|Any CPU
		{B0EF4EB7-0E7C-41FF-A718-981DF899D395}.Release|x86.Build.0 = Release|Any CPU
		{90C68E06-AAE6-489B-98BA-A7D99FFD1531}.Debug|Any CPU.ActiveCfg = Debug|Any CPU
		{90C68E06-AAE6-489B-98BA-A7D99FFD1531}.Debug|Any CPU.Build.0 = Debug|Any CPU
		{90C68E06-AAE6-489B-98BA-A7D99FFD1531}.Debug|Any CPU.Deploy.0 = Debug|Any CPU
		{90C68E06-AAE6-489B-98BA-A7D99FFD1531}.Debug|ARM.ActiveCfg = Debug|ARM
		{90C68E06-AAE6-489B-98BA-A7D99FFD1531}.Debug|ARM.Build.0 = Debug|ARM
		{90C68E06-AAE6-489B-98BA-A7D99FFD1531}.Debug|ARM.Deploy.0 = Debug|ARM
		{90C68E06-AAE6-489B-98BA-A7D99FFD1531}.Debug|ARM64.ActiveCfg = Debug|ARM64
		{90C68E06-AAE6-489B-98BA-A7D99FFD1531}.Debug|ARM64.Build.0 = Debug|ARM64
		{90C68E06-AAE6-489B-98BA-A7D99FFD1531}.Debug|ARM64.Deploy.0 = Debug|ARM64
		{90C68E06-AAE6-489B-98BA-A7D99FFD1531}.Debug|x64.ActiveCfg = Debug|x64
		{90C68E06-AAE6-489B-98BA-A7D99FFD1531}.Debug|x64.Build.0 = Debug|x64
		{90C68E06-AAE6-489B-98BA-A7D99FFD1531}.Debug|x64.Deploy.0 = Debug|x64
		{90C68E06-AAE6-489B-98BA-A7D99FFD1531}.Debug|x86.ActiveCfg = Debug|x86
		{90C68E06-AAE6-489B-98BA-A7D99FFD1531}.Debug|x86.Build.0 = Debug|x86
		{90C68E06-AAE6-489B-98BA-A7D99FFD1531}.Debug|x86.Deploy.0 = Debug|x86
		{90C68E06-AAE6-489B-98BA-A7D99FFD1531}.Release|Any CPU.ActiveCfg = Release|Any CPU
		{90C68E06-AAE6-489B-98BA-A7D99FFD1531}.Release|Any CPU.Build.0 = Release|Any CPU
		{90C68E06-AAE6-489B-98BA-A7D99FFD1531}.Release|Any CPU.Deploy.0 = Release|Any CPU
		{90C68E06-AAE6-489B-98BA-A7D99FFD1531}.Release|ARM.ActiveCfg = Release|ARM
		{90C68E06-AAE6-489B-98BA-A7D99FFD1531}.Release|ARM.Build.0 = Release|ARM
		{90C68E06-AAE6-489B-98BA-A7D99FFD1531}.Release|ARM.Deploy.0 = Release|ARM
		{90C68E06-AAE6-489B-98BA-A7D99FFD1531}.Release|ARM64.ActiveCfg = Release|ARM64
		{90C68E06-AAE6-489B-98BA-A7D99FFD1531}.Release|ARM64.Build.0 = Release|ARM64
		{90C68E06-AAE6-489B-98BA-A7D99FFD1531}.Release|ARM64.Deploy.0 = Release|ARM64
		{90C68E06-AAE6-489B-98BA-A7D99FFD1531}.Release|x64.ActiveCfg = Release|x64
		{90C68E06-AAE6-489B-98BA-A7D99FFD1531}.Release|x64.Build.0 = Release|x64
		{90C68E06-AAE6-489B-98BA-A7D99FFD1531}.Release|x64.Deploy.0 = Release|x64
		{90C68E06-AAE6-489B-98BA-A7D99FFD1531}.Release|x86.ActiveCfg = Release|x86
		{90C68E06-AAE6-489B-98BA-A7D99FFD1531}.Release|x86.Build.0 = Release|x86
		{90C68E06-AAE6-489B-98BA-A7D99FFD1531}.Release|x86.Deploy.0 = Release|x86
	EndGlobalSection
	GlobalSection(SolutionProperties) = preSolution
		HideSolutionNode = FALSE
	EndGlobalSection
	GlobalSection(ExtensibilityGlobals) = postSolution
		SolutionGuid = {5E78B88B-F452-4498-9BA1-6A2A2E6C6035}
	EndGlobalSection
EndGlobal
